
Microsoft Visual Studio Solution File, Format Version 12.00
# Visual Studio 15
VisualStudioVersion = 15.0.28307.489
MinimumVisualStudioVersion = 10.0.40219.1
Project("{FAE04EC0-301F-11D3-BF4B-00C04F79EFBC}") = "HangfireSignalR", "HangfireSignalR\HangfireSignalR.csproj", "{2B7FD0D3-D2D0-4705-B7B3-99C176754316}"
EndProject
Global
	GlobalSection(SolutionConfigurationPlatforms) = preSolution
		Debug|Any CPU = Debug|Any CPU
		Release|Any CPU = Release|Any CPU
	EndGlobalSection
	GlobalSection(ProjectConfigurationPlatforms) = postSolution
		{2B7FD0D3-D2D0-4705-B7B3-99C176754316}.Debug|Any CPU.ActiveCfg = Debug|Any CPU
		{2B7FD0D3-D2D0-4705-B7B3-99C176754316}.Debug|Any CPU.Build.0 = Debug|Any CPU
		{2B7FD0D3-D2D0-4705-B7B3-99C176754316}.Release|Any CPU.ActiveCfg = Release|Any CPU
		{2B7FD0D3-D2D0-4705-B7B3-99C176754316}.Release|Any CPU.Build.0 = Release|Any CPU
	EndGlobalSection
	GlobalSection(SolutionProperties) = preSolution
		HideSolutionNode = FALSE
	EndGlobalSection
	GlobalSection(ExtensibilityGlobals) = postSolution
		SolutionGuid = {E3F661CB-1846-45D6-B0D1-075895725950}
	EndGlobalSection
EndGlobal
